// !$*UTF8*$!
{
	archiveVersion = 1;
	classes = {
	};
	objectVersion = 56;
	objects = {

/* Begin PBXBuildFile section */
		F6020FF42912B38400DDF2F4 /* iCoNewsApp.swift in Sources */ = {isa = PBXBuildFile; fileRef = F6020FF32912B38400DDF2F4 /* iCoNewsApp.swift */; };
		F6020FF62912B38400DDF2F4 /* ContentView.swift in Sources */ = {isa = PBXBuildFile; fileRef = F6020FF52912B38400DDF2F4 /* ContentView.swift */; };
		F6020FF82912B38700DDF2F4 /* Assets.xcassets in Resources */ = {isa = PBXBuildFile; fileRef = F6020FF72912B38700DDF2F4 /* Assets.xcassets */; };
		F6020FFB2912B38700DDF2F4 /* Preview Assets.xcassets in Resources */ = {isa = PBXBuildFile; fileRef = F6020FFA2912B38700DDF2F4 /* Preview Assets.xcassets */; };
		F60210032912B3BD00DDF2F4 /* RSSItemServerModel.swift in Sources */ = {isa = PBXBuildFile; fileRef = F60210022912B3BD00DDF2F4 /* RSSItemServerModel.swift */; };
		F60C2599291FE2DA005E5DE7 /* ArtsView.swift in Sources */ = {isa = PBXBuildFile; fileRef = F60C2598291FE2DA005E5DE7 /* ArtsView.swift */; };
		F60C259C291FE320005E5DE7 /* HomePageView.swift in Sources */ = {isa = PBXBuildFile; fileRef = F60C259B291FE320005E5DE7 /* HomePageView.swift */; };
		F60C259E291FE33D005E5DE7 /* HomePagePresenter.swift in Sources */ = {isa = PBXBuildFile; fileRef = F60C259D291FE33D005E5DE7 /* HomePagePresenter.swift */; };
		F60C25A1291FE4E8005E5DE7 /* HudView.swift in Sources */ = {isa = PBXBuildFile; fileRef = F60C25A0291FE4E8005E5DE7 /* HudView.swift */; };
		F60C25A4291FE501005E5DE7 /* LoaderModifier.swift in Sources */ = {isa = PBXBuildFile; fileRef = F60C25A3291FE501005E5DE7 /* LoaderModifier.swift */; };
		F60C25A7291FE559005E5DE7 /* Utils.swift in Sources */ = {isa = PBXBuildFile; fileRef = F60C25A6291FE559005E5DE7 /* Utils.swift */; };
		F60C25A9291FE807005E5DE7 /* ArtsPresenter.swift in Sources */ = {isa = PBXBuildFile; fileRef = F60C25A8291FE807005E5DE7 /* ArtsPresenter.swift */; };
		F60C25AB291FEA55005E5DE7 /* BusinessView.swift in Sources */ = {isa = PBXBuildFile; fileRef = F60C25AA291FEA55005E5DE7 /* BusinessView.swift */; };
		F60C25AD291FEA63005E5DE7 /* BusinessPresenter.swift in Sources */ = {isa = PBXBuildFile; fileRef = F60C25AC291FEA63005E5DE7 /* BusinessPresenter.swift */; };
		F60C25AF291FEC2B005E5DE7 /* TechnologyView.swift in Sources */ = {isa = PBXBuildFile; fileRef = F60C25AE291FEC2B005E5DE7 /* TechnologyView.swift */; };
		F60C25B1291FEC38005E5DE7 /* TechnologyPresenter.swift in Sources */ = {isa = PBXBuildFile; fileRef = F60C25B0291FEC38005E5DE7 /* TechnologyPresenter.swift */; };
		F60C25B3291FEF5D005E5DE7 /* MoreView.swift in Sources */ = {isa = PBXBuildFile; fileRef = F60C25B2291FEF5D005E5DE7 /* MoreView.swift */; };
		F60C25B6291FF0A6005E5DE7 /* WorldView.swift in Sources */ = {isa = PBXBuildFile; fileRef = F60C25B5291FF0A6005E5DE7 /* WorldView.swift */; };
		F60C25BA291FF103005E5DE7 /* WorldPresenter.swift in Sources */ = {isa = PBXBuildFile; fileRef = F60C25B9291FF103005E5DE7 /* WorldPresenter.swift */; };
		F6F5E6192917C814005B3C46 /* HomeView.swift in Sources */ = {isa = PBXBuildFile; fileRef = F6F5E6182917C814005B3C46 /* HomeView.swift */; };
		F6F5E61B2917C840005B3C46 /* HomeViewModel.swift in Sources */ = {isa = PBXBuildFile; fileRef = F6F5E61A2917C840005B3C46 /* HomeViewModel.swift */; };
		F6F5E61E2917CDB6005B3C46 /* SafariView.swift in Sources */ = {isa = PBXBuildFile; fileRef = F6F5E61D2917CDB6005B3C46 /* SafariView.swift */; };
/* End PBXBuildFile section */

/* Begin PBXFileReference section */
		F6020FF02912B38400DDF2F4 /* iCoNews.app */ = {isa = PBXFileReference; explicitFileType = wrapper.application; includeInIndex = 0; path = iCoNews.app; sourceTree = BUILT_PRODUCTS_DIR; };
		F6020FF32912B38400DDF2F4 /* iCoNewsApp.swift */ = {isa = PBXFileReference; lastKnownFileType = sourcecode.swift; path = iCoNewsApp.swift; sourceTree = "<group>"; };
		F6020FF52912B38400DDF2F4 /* ContentView.swift */ = {isa = PBXFileReference; lastKnownFileType = sourcecode.swift; path = ContentView.swift; sourceTree = "<group>"; };
		F6020FF72912B38700DDF2F4 /* Assets.xcassets */ = {isa = PBXFileReference; lastKnownFileType = folder.assetcatalog; path = Assets.xcassets; sourceTree = "<group>"; };
		F6020FFA2912B38700DDF2F4 /* Preview Assets.xcassets */ = {isa = PBXFileReference; lastKnownFileType = folder.assetcatalog; path = "Preview Assets.xcassets"; sourceTree = "<group>"; };
		F60210022912B3BD00DDF2F4 /* RSSItemServerModel.swift */ = {isa = PBXFileReference; lastKnownFileType = sourcecode.swift; path = RSSItemServerModel.swift; sourceTree = "<group>"; };
		F60C2598291FE2DA005E5DE7 /* ArtsView.swift */ = {isa = PBXFileReference; lastKnownFileType = sourcecode.swift; path = ArtsView.swift; sourceTree = "<group>"; };
		F60C259B291FE320005E5DE7 /* HomePageView.swift */ = {isa = PBXFileReference; lastKnownFileType = sourcecode.swift; path = HomePageView.swift; sourceTree = "<group>"; };
		F60C259D291FE33D005E5DE7 /* HomePagePresenter.swift */ = {isa = PBXFileReference; lastKnownFileType = sourcecode.swift; path = HomePagePresenter.swift; sourceTree = "<group>"; };
		F60C25A0291FE4E8005E5DE7 /* HudView.swift */ = {isa = PBXFileReference; fileEncoding = 4; lastKnownFileType = sourcecode.swift; path = HudView.swift; sourceTree = "<group>"; };
		F60C25A3291FE501005E5DE7 /* LoaderModifier.swift */ = {isa = PBXFileReference; fileEncoding = 4; lastKnownFileType = sourcecode.swift; path = LoaderModifier.swift; sourceTree = "<group>"; };
		F60C25A6291FE559005E5DE7 /* Utils.swift */ = {isa = PBXFileReference; lastKnownFileType = sourcecode.swift; path = Utils.swift; sourceTree = "<group>"; };
		F60C25A8291FE807005E5DE7 /* ArtsPresenter.swift */ = {isa = PBXFileReference; lastKnownFileType = sourcecode.swift; path = ArtsPresenter.swift; sourceTree = "<group>"; };
		F60C25AA291FEA55005E5DE7 /* BusinessView.swift */ = {isa = PBXFileReference; lastKnownFileType = sourcecode.swift; path = BusinessView.swift; sourceTree = "<group>"; };
		F60C25AC291FEA63005E5DE7 /* BusinessPresenter.swift */ = {isa = PBXFileReference; lastKnownFileType = sourcecode.swift; path = BusinessPresenter.swift; sourceTree = "<group>"; };
		F60C25AE291FEC2B005E5DE7 /* TechnologyView.swift */ = {isa = PBXFileReference; lastKnownFileType = sourcecode.swift; path = TechnologyView.swift; sourceTree = "<group>"; };
		F60C25B0291FEC38005E5DE7 /* TechnologyPresenter.swift */ = {isa = PBXFileReference; lastKnownFileType = sourcecode.swift; path = TechnologyPresenter.swift; sourceTree = "<group>"; };
		F60C25B2291FEF5D005E5DE7 /* MoreView.swift */ = {isa = PBXFileReference; lastKnownFileType = sourcecode.swift; path = MoreView.swift; sourceTree = "<group>"; };
		F60C25B5291FF0A6005E5DE7 /* WorldView.swift */ = {isa = PBXFileReference; lastKnownFileType = sourcecode.swift; path = WorldView.swift; sourceTree = "<group>"; };
		F60C25B9291FF103005E5DE7 /* WorldPresenter.swift */ = {isa = PBXFileReference; lastKnownFileType = sourcecode.swift; path = WorldPresenter.swift; sourceTree = "<group>"; };
		F6F5E6182917C814005B3C46 /* HomeView.swift */ = {isa = PBXFileReference; lastKnownFileType = sourcecode.swift; path = HomeView.swift; sourceTree = "<group>"; };
		F6F5E61A2917C840005B3C46 /* HomeViewModel.swift */ = {isa = PBXFileReference; lastKnownFileType = sourcecode.swift; path = HomeViewModel.swift; sourceTree = "<group>"; };
		F6F5E61D2917CDB6005B3C46 /* SafariView.swift */ = {isa = PBXFileReference; fileEncoding = 4; lastKnownFileType = sourcecode.swift; path = SafariView.swift; sourceTree = "<group>"; };
/* End PBXFileReference section */

/* Begin PBXFrameworksBuildPhase section */
		F6020FED2912B38400DDF2F4 /* Frameworks */ = {
			isa = PBXFrameworksBuildPhase;
			buildActionMask = 2147483647;
			files = (
			);
			runOnlyForDeploymentPostprocessing = 0;
		};
/* End PBXFrameworksBuildPhase section */

/* Begin PBXGroup section */
		F6020FE72912B38400DDF2F4 = {
			isa = PBXGroup;
			children = (
				F6020FF22912B38400DDF2F4 /* iCoNews */,
				F6020FF12912B38400DDF2F4 /* Products */,
			);
			sourceTree = "<group>";
		};
		F6020FF12912B38400DDF2F4 /* Products */ = {
			isa = PBXGroup;
			children = (
				F6020FF02912B38400DDF2F4 /* iCoNews.app */,
			);
			name = Products;
			sourceTree = "<group>";
		};
		F6020FF22912B38400DDF2F4 /* iCoNews */ = {
			isa = PBXGroup;
			children = (
				F60C25A5291FE54F005E5DE7 /* Utils */,
				F60C25A2291FE4F5005E5DE7 /* Modifiers */,
				F60C259F291FE4DB005E5DE7 /* Components */,
				F6F5E61C2917CDAC005B3C46 /* UIKit */,
				F6F5E6162917C7F8005B3C46 /* Views */,
				F60210012912B39000DDF2F4 /* Models */,
				F6020FF32912B38400DDF2F4 /* iCoNewsApp.swift */,
				F6020FF72912B38700DDF2F4 /* Assets.xcassets */,
				F6020FF92912B38700DDF2F4 /* Preview Content */,
			);
			path = iCoNews;
			sourceTree = "<group>";
		};
		F6020FF92912B38700DDF2F4 /* Preview Content */ = {
			isa = PBXGroup;
			children = (
				F6020FFA2912B38700DDF2F4 /* Preview Assets.xcassets */,
			);
			path = "Preview Content";
			sourceTree = "<group>";
		};
		F60210012912B39000DDF2F4 /* Models */ = {
			isa = PBXGroup;
			children = (
				F60210022912B3BD00DDF2F4 /* RSSItemServerModel.swift */,
			);
			path = Models;
			sourceTree = "<group>";
		};
		F60C2594291FE29D005E5DE7 /* Technology */ = {
			isa = PBXGroup;
			children = (
				F60C25AE291FEC2B005E5DE7 /* TechnologyView.swift */,
				F60C25B0291FEC38005E5DE7 /* TechnologyPresenter.swift */,
			);
			path = Technology;
			sourceTree = "<group>";
		};
		F60C2595291FE2AE005E5DE7 /* Arts */ = {
			isa = PBXGroup;
			children = (
				F60C2598291FE2DA005E5DE7 /* ArtsView.swift */,
				F60C25A8291FE807005E5DE7 /* ArtsPresenter.swift */,
			);
			path = Arts;
			sourceTree = "<group>";
		};
		F60C2596291FE2B6005E5DE7 /* Business */ = {
			isa = PBXGroup;
			children = (
				F60C25AA291FEA55005E5DE7 /* BusinessView.swift */,
				F60C25AC291FEA63005E5DE7 /* BusinessPresenter.swift */,
			);
			path = Business;
			sourceTree = "<group>";
		};
		F60C2597291FE2C1005E5DE7 /* More */ = {
			isa = PBXGroup;
			children = (
				F60C25B2291FEF5D005E5DE7 /* MoreView.swift */,
			);
			path = More;
			sourceTree = "<group>";
		};
		F60C259A291FE303005E5DE7 /* TabBar */ = {
			isa = PBXGroup;
			children = (
				F6F5E6182917C814005B3C46 /* HomeView.swift */,
				F6F5E61A2917C840005B3C46 /* HomeViewModel.swift */,
			);
			path = TabBar;
			sourceTree = "<group>";
		};
		F60C259F291FE4DB005E5DE7 /* Components */ = {
			isa = PBXGroup;
			children = (
				F60C25A0291FE4E8005E5DE7 /* HudView.swift */,
			);
			path = Components;
			sourceTree = "<group>";
		};
		F60C25A2291FE4F5005E5DE7 /* Modifiers */ = {
			isa = PBXGroup;
			children = (
				F60C25A3291FE501005E5DE7 /* LoaderModifier.swift */,
			);
			path = Modifiers;
			sourceTree = "<group>";
		};
		F60C25A5291FE54F005E5DE7 /* Utils */ = {
			isa = PBXGroup;
			children = (
				F60C25A6291FE559005E5DE7 /* Utils.swift */,
			);
			path = Utils;
			sourceTree = "<group>";
		};
		F60C25B4291FF097005E5DE7 /* World */ = {
			isa = PBXGroup;
			children = (
				F60C25B5291FF0A6005E5DE7 /* WorldView.swift */,
				F60C25B9291FF103005E5DE7 /* WorldPresenter.swift */,
			);
			path = World;
			sourceTree = "<group>";
		};
		F6F5E6162917C7F8005B3C46 /* Views */ = {
			isa = PBXGroup;
			children = (
				F60C25B4291FF097005E5DE7 /* World */,
				F60C259A291FE303005E5DE7 /* TabBar */,
				F60C2597291FE2C1005E5DE7 /* More */,
				F60C2596291FE2B6005E5DE7 /* Business */,
				F60C2595291FE2AE005E5DE7 /* Arts */,
				F60C2594291FE29D005E5DE7 /* Technology */,
				F6F5E6172917C806005B3C46 /* Home */,
				F6020FF52912B38400DDF2F4 /* ContentView.swift */,
			);
			path = Views;
			sourceTree = "<group>";
		};
		F6F5E6172917C806005B3C46 /* Home */ = {
			isa = PBXGroup;
			children = (
				F60C259B291FE320005E5DE7 /* HomePageView.swift */,
				F60C259D291FE33D005E5DE7 /* HomePagePresenter.swift */,
			);
			path = Home;
			sourceTree = "<group>";
		};
		F6F5E61C2917CDAC005B3C46 /* UIKit */ = {
			isa = PBXGroup;
			children = (
				F6F5E61D2917CDB6005B3C46 /* SafariView.swift */,
			);
			path = UIKit;
			sourceTree = "<group>";
		};
/* End PBXGroup section */

/* Begin PBXNativeTarget section */
		F6020FEF2912B38400DDF2F4 /* iCoNews */ = {
			isa = PBXNativeTarget;
			buildConfigurationList = F6020FFE2912B38700DDF2F4 /* Build configuration list for PBXNativeTarget "iCoNews" */;
			buildPhases = (
				F6020FEC2912B38400DDF2F4 /* Sources */,
				F6020FED2912B38400DDF2F4 /* Frameworks */,
				F6020FEE2912B38400DDF2F4 /* Resources */,
			);
			buildRules = (
			);
			dependencies = (
			);
			name = iCoNews;
			productName = iCoNews;
			productReference = F6020FF02912B38400DDF2F4 /* iCoNews.app */;
			productType = "com.apple.product-type.application";
		};
/* End PBXNativeTarget section */

/* Begin PBXProject section */
		F6020FE82912B38400DDF2F4 /* Project object */ = {
			isa = PBXProject;
			attributes = {
				BuildIndependentTargetsInParallel = 1;
				LastSwiftUpdateCheck = 1400;
				LastUpgradeCheck = 1400;
				TargetAttributes = {
					F6020FEF2912B38400DDF2F4 = {
						CreatedOnToolsVersion = 14.0;
					};
				};
			};
			buildConfigurationList = F6020FEB2912B38400DDF2F4 /* Build configuration list for PBXProject "iCoNews" */;
			compatibilityVersion = "Xcode 14.0";
			developmentRegion = en;
			hasScannedForEncodings = 0;
			knownRegions = (
				en,
				Base,
			);
			mainGroup = F6020FE72912B38400DDF2F4;
			productRefGroup = F6020FF12912B38400DDF2F4 /* Products */;
			projectDirPath = "";
			projectRoot = "";
			targets = (
				F6020FEF2912B38400DDF2F4 /* iCoNews */,
			);
		};
/* End PBXProject section */

/* Begin PBXResourcesBuildPhase section */
		F6020FEE2912B38400DDF2F4 /* Resources */ = {
			isa = PBXResourcesBuildPhase;
			buildActionMask = 2147483647;
			files = (
				F6020FFB2912B38700DDF2F4 /* Preview Assets.xcassets in Resources */,
				F6020FF82912B38700DDF2F4 /* Assets.xcassets in Resources */,
			);
			runOnlyForDeploymentPostprocessing = 0;
		};
/* End PBXResourcesBuildPhase section */

/* Begin PBXSourcesBuildPhase section */
		F6020FEC2912B38400DDF2F4 /* Sources */ = {
			isa = PBXSourcesBuildPhase;
			buildActionMask = 2147483647;
			files = (
				F60C25AB291FEA55005E5DE7 /* BusinessView.swift in Sources */,
				F60C25B3291FEF5D005E5DE7 /* MoreView.swift in Sources */,
				F60C25A4291FE501005E5DE7 /* LoaderModifier.swift in Sources */,
				F6020FF62912B38400DDF2F4 /* ContentView.swift in Sources */,
				F60C25BA291FF103005E5DE7 /* WorldPresenter.swift in Sources */,
				F60C2599291FE2DA005E5DE7 /* ArtsView.swift in Sources */,
				F6F5E6192917C814005B3C46 /* HomeView.swift in Sources */,
				F6020FF42912B38400DDF2F4 /* iCoNewsApp.swift in Sources */,
				F60C25AF291FEC2B005E5DE7 /* TechnologyView.swift in Sources */,
				F6F5E61B2917C840005B3C46 /* HomeViewModel.swift in Sources */,
				F60C25B6291FF0A6005E5DE7 /* WorldView.swift in Sources */,
				F6F5E61E2917CDB6005B3C46 /* SafariView.swift in Sources */,
				F60C25A1291FE4E8005E5DE7 /* HudView.swift in Sources */,
				F60C25A9291FE807005E5DE7 /* ArtsPresenter.swift in Sources */,
				F60C259C291FE320005E5DE7 /* HomePageView.swift in Sources */,
				F60C25B1291FEC38005E5DE7 /* TechnologyPresenter.swift in Sources */,
				F60210032912B3BD00DDF2F4 /* RSSItemServerModel.swift in Sources */,
				F60C259E291FE33D005E5DE7 /* HomePagePresenter.swift in Sources */,
				F60C25AD291FEA63005E5DE7 /* BusinessPresenter.swift in Sources */,
				F60C25A7291FE559005E5DE7 /* Utils.swift in Sources */,
			);
			runOnlyForDeploymentPostprocessing = 0;
		};
/* End PBXSourcesBuildPhase section */

/* Begin XCBuildConfiguration section */
		F6020FFC2912B38700DDF2F4 /* Debug */ = {
			isa = XCBuildConfiguration;
			buildSettings = {
				ALWAYS_SEARCH_USER_PATHS = NO;
				CLANG_ANALYZER_NONNULL = YES;
				CLANG_ANALYZER_NUMBER_OBJECT_CONVERSION = YES_AGGRESSIVE;
				CLANG_CXX_LANGUAGE_STANDARD = "gnu++20";
				CLANG_ENABLE_MODULES = YES;
				CLANG_ENABLE_OBJC_ARC = YES;
				CLANG_ENABLE_OBJC_WEAK = YES;
				CLANG_WARN_BLOCK_CAPTURE_AUTORELEASING = YES;
				CLANG_WARN_BOOL_CONVERSION = YES;
				CLANG_WARN_COMMA = YES;
				CLANG_WARN_CONSTANT_CONVERSION = YES;
				CLANG_WARN_DEPRECATED_OBJC_IMPLEMENTATIONS = YES;
				CLANG_WARN_DIRECT_OBJC_ISA_USAGE = YES_ERROR;
				CLANG_WARN_DOCUMENTATION_COMMENTS = YES;
				CLANG_WARN_EMPTY_BODY = YES;
				CLANG_WARN_ENUM_CONVERSION = YES;
				CLANG_WARN_INFINITE_RECURSION = YES;
				CLANG_WARN_INT_CONVERSION = YES;
				CLANG_WARN_NON_LITERAL_NULL_CONVERSION = YES;
				CLANG_WARN_OBJC_IMPLICIT_RETAIN_SELF = YES;
				CLANG_WARN_OBJC_LITERAL_CONVERSION = YES;
				CLANG_WARN_OBJC_ROOT_CLASS = YES_ERROR;
				CLANG_WARN_QUOTED_INCLUDE_IN_FRAMEWORK_HEADER = YES;
				CLANG_WARN_RANGE_LOOP_ANALYSIS = YES;
				CLANG_WARN_STRICT_PROTOTYPES = YES;
				CLANG_WARN_SUSPICIOUS_MOVE = YES;
				CLANG_WARN_UNGUARDED_AVAILABILITY = YES_AGGRESSIVE;
				CLANG_WARN_UNREACHABLE_CODE = YES;
				CLANG_WARN__DUPLICATE_METHOD_MATCH = YES;
				COPY_PHASE_STRIP = NO;
				DEBUG_INFORMATION_FORMAT = dwarf;
				ENABLE_STRICT_OBJC_MSGSEND = YES;
				ENABLE_TESTABILITY = YES;
				GCC_C_LANGUAGE_STANDARD = gnu11;
				GCC_DYNAMIC_NO_PIC = NO;
				GCC_NO_COMMON_BLOCKS = YES;
				GCC_OPTIMIZATION_LEVEL = 0;
				GCC_PREPROCESSOR_DEFINITIONS = (
					"DEBUG=1",
					"$(inherited)",
				);
				GCC_WARN_64_TO_32_BIT_CONVERSION = YES;
				GCC_WARN_ABOUT_RETURN_TYPE = YES_ERROR;
				GCC_WARN_UNDECLARED_SELECTOR = YES;
				GCC_WARN_UNINITIALIZED_AUTOS = YES_AGGRESSIVE;
				GCC_WARN_UNUSED_FUNCTION = YES;
				GCC_WARN_UNUSED_VARIABLE = YES;
				IPHONEOS_DEPLOYMENT_TARGET = 16.0;
				MTL_ENABLE_DEBUG_INFO = INCLUDE_SOURCE;
				MTL_FAST_MATH = YES;
				ONLY_ACTIVE_ARCH = YES;
				SDKROOT = iphoneos;
				SWIFT_ACTIVE_COMPILATION_CONDITIONS = DEBUG;
				SWIFT_OPTIMIZATION_LEVEL = "-Onone";
			};
			name = Debug;
		};
		F6020FFD2912B38700DDF2F4 /* Release */ = {
			isa = XCBuildConfiguration;
			buildSettings = {
				ALWAYS_SEARCH_USER_PATHS = NO;
				CLANG_ANALYZER_NONNULL = YES;
				CLANG_ANALYZER_NUMBER_OBJECT_CONVERSION = YES_AGGRESSIVE;
				CLANG_CXX_LANGUAGE_STANDARD = "gnu++20";
				CLANG_ENABLE_MODULES = YES;
				CLANG_ENABLE_OBJC_ARC = YES;
				CLANG_ENABLE_OBJC_WEAK = YES;
				CLANG_WARN_BLOCK_CAPTURE_AUTORELEASING = YES;
				CLANG_WARN_BOOL_CONVERSION = YES;
				CLANG_WARN_COMMA = YES;
				CLANG_WARN_CONSTANT_CONVERSION = YES;
				CLANG_WARN_DEPRECATED_OBJC_IMPLEMENTATIONS = YES;
				CLANG_WARN_DIRECT_OBJC_ISA_USAGE = YES_ERROR;
				CLANG_WARN_DOCUMENTATION_COMMENTS = YES;
				CLANG_WARN_EMPTY_BODY = YES;
				CLANG_WARN_ENUM_CONVERSION = YES;
				CLANG_WARN_INFINITE_RECURSION = YES;
				CLANG_WARN_INT_CONVERSION = YES;
				CLANG_WARN_NON_LITERAL_NULL_CONVERSION = YES;
				CLANG_WARN_OBJC_IMPLICIT_RETAIN_SELF = YES;
				CLANG_WARN_OBJC_LITERAL_CONVERSION = YES;
				CLANG_WARN_OBJC_ROOT_CLASS = YES_ERROR;
				CLANG_WARN_QUOTED_INCLUDE_IN_FRAMEWORK_HEADER = YES;
				CLANG_WARN_RANGE_LOOP_ANALYSIS = YES;
				CLANG_WARN_STRICT_PROTOTYPES = YES;
				CLANG_WARN_SUSPICIOUS_MOVE = YES;
				CLANG_WARN_UNGUARDED_AVAILABILITY = YES_AGGRESSIVE;
				CLANG_WARN_UNREACHABLE_CODE = YES;
				CLANG_WARN__DUPLICATE_METHOD_MATCH = YES;
				COPY_PHASE_STRIP = NO;
				DEBUG_INFORMATION_FORMAT = "dwarf-with-dsym";
				ENABLE_NS_ASSERTIONS = NO;
				ENABLE_STRICT_OBJC_MSGSEND = YES;
				GCC_C_LANGUAGE_STANDARD = gnu11;
				GCC_NO_COMMON_BLOCKS = YES;
				GCC_WARN_64_TO_32_BIT_CONVERSION = YES;
				GCC_WARN_ABOUT_RETURN_TYPE = YES_ERROR;
				GCC_WARN_UNDECLARED_SELECTOR = YES;
				GCC_WARN_UNINITIALIZED_AUTOS = YES_AGGRESSIVE;
				GCC_WARN_UNUSED_FUNCTION = YES;
				GCC_WARN_UNUSED_VARIABLE = YES;
				IPHONEOS_DEPLOYMENT_TARGET = 16.0;
				MTL_ENABLE_DEBUG_INFO = NO;
				MTL_FAST_MATH = YES;
				SDKROOT = iphoneos;
				SWIFT_COMPILATION_MODE = wholemodule;
				SWIFT_OPTIMIZATION_LEVEL = "-O";
				VALIDATE_PRODUCT = YES;
			};
			name = Release;
		};
		F6020FFF2912B38700DDF2F4 /* Debug */ = {
			isa = XCBuildConfiguration;
			buildSettings = {
				ASSETCATALOG_COMPILER_APPICON_NAME = AppIcon;
				ASSETCATALOG_COMPILER_GLOBAL_ACCENT_COLOR_NAME = AccentColor;
				CODE_SIGN_STYLE = Automatic;
				CURRENT_PROJECT_VERSION = 1;
				DEVELOPMENT_ASSET_PATHS = "\"iCoNews/Preview Content\"";
				DEVELOPMENT_TEAM = 2C7W4RF846;
				ENABLE_PREVIEWS = YES;
				GENERATE_INFOPLIST_FILE = YES;
				INFOPLIST_KEY_UIApplicationSceneManifest_Generation = YES;
				INFOPLIST_KEY_UIApplicationSupportsIndirectInputEvents = YES;
				INFOPLIST_KEY_UILaunchScreen_Generation = YES;
				INFOPLIST_KEY_UISupportedInterfaceOrientations_iPad = "UIInterfaceOrientationPortrait UIInterfaceOrientationPortraitUpsideDown UIInterfaceOrientationLandscapeLeft UIInterfaceOrientationLandscapeRight";
				INFOPLIST_KEY_UISupportedInterfaceOrientations_iPhone = "UIInterfaceOrientationPortrait UIInterfaceOrientationLandscapeLeft UIInterfaceOrientationLandscapeRight";
				LD_RUNPATH_SEARCH_PATHS = (
					"$(inherited)",
					"@executable_path/Frameworks",
				);
				MARKETING_VERSION = 1.0;
				PRODUCT_BUNDLE_IDENTIFIER = com.icologic.iOS.iCoNews;
				PRODUCT_NAME = "$(TARGET_NAME)";
				SWIFT_EMIT_LOC_STRINGS = YES;
				SWIFT_VERSION = 5.0;
				TARGETED_DEVICE_FAMILY = "1,2";
			};
			name = Debug;
		};
		F60210002912B38700DDF2F4 /* Release */ = {
			isa = XCBuildConfiguration;
			buildSettings = {
				ASSETCATALOG_COMPILER_APPICON_NAME = AppIcon;
				ASSETCATALOG_COMPILER_GLOBAL_ACCENT_COLOR_NAME = AccentColor;
				CODE_SIGN_STYLE = Automatic;
				CURRENT_PROJECT_VERSION = 1;
				DEVELOPMENT_ASSET_PATHS = "\"iCoNews/Preview Content\"";
				DEVELOPMENT_TEAM = 2C7W4RF846;
				ENABLE_PREVIEWS = YES;
				GENERATE_INFOPLIST_FILE = YES;
				INFOPLIST_KEY_UIApplicationSceneManifest_Generation = YES;
				INFOPLIST_KEY_UIApplicationSupportsIndirectInputEvents = YES;
				INFOPLIST_KEY_UILaunchScreen_Generation = YES;
				INFOPLIST_KEY_UISupportedInterfaceOrientations_iPad = "UIInterfaceOrientationPortrait UIInterfaceOrientationPortraitUpsideDown UIInterfaceOrientationLandscapeLeft UIInterfaceOrientationLandscapeRight";
				INFOPLIST_KEY_UISupportedInterfaceOrientations_iPhone = "UIInterfaceOrientationPortrait UIInterfaceOrientationLandscapeLeft UIInterfaceOrientationLandscapeRight";
				LD_RUNPATH_SEARCH_PATHS = (
					"$(inherited)",
					"@executable_path/Frameworks",
				);
				MARKETING_VERSION = 1.0;
				PRODUCT_BUNDLE_IDENTIFIER = com.icologic.iOS.iCoNews;
				PRODUCT_NAME = "$(TARGET_NAME)";
				SWIFT_EMIT_LOC_STRINGS = YES;
				SWIFT_VERSION = 5.0;
				TARGETED_DEVICE_FAMILY = "1,2";
			};
			name = Release;
		};
/* End XCBuildConfiguration section */

/* Begin XCConfigurationList section */
		F6020FEB2912B38400DDF2F4 /* Build configuration list for PBXProject "iCoNews" */ = {
			isa = XCConfigurationList;
			buildConfigurations = (
				F6020FFC2912B38700DDF2F4 /* Debug */,
				F6020FFD2912B38700DDF2F4 /* Release */,
			);
			defaultConfigurationIsVisible = 0;
			defaultConfigurationName = Release;
		};
		F6020FFE2912B38700DDF2F4 /* Build configuration list for PBXNativeTarget "iCoNews" */ = {
			isa = XCConfigurationList;
			buildConfigurations = (
				F6020FFF2912B38700DDF2F4 /* Debug */,
				F60210002912B38700DDF2F4 /* Release */,
			);
			defaultConfigurationIsVisible = 0;
			defaultConfigurationName = Release;
		};
/* End XCConfigurationList section */
	};
	rootObject = F6020FE82912B38400DDF2F4 /* Project object */;
}
